// !$*UTF8*$!
{
	archiveVersion = 1;
	classes = {
	};
	objectVersion = 51;
	objects = {

/* Begin PBXBuildFile section */
		4A1E46EE27E13E5B00CD2187 /* SettingsPage.swift in Sources */ = {isa = PBXBuildFile; fileRef = 4A1E46ED27E13E5B00CD2187 /* SettingsPage.swift */; };
		4A1E46F127E140D000CD2187 /* SettingsListView.swift in Sources */ = {isa = PBXBuildFile; fileRef = 4A1E46F027E140D000CD2187 /* SettingsListView.swift */; };
		4A417F8F27E01A6500038ED8 /* JollyCooksApp.swift in Sources */ = {isa = PBXBuildFile; fileRef = 4A417F8E27E01A6500038ED8 /* JollyCooksApp.swift */; };
		4A417F9127E01A6500038ED8 /* ContentView.swift in Sources */ = {isa = PBXBuildFile; fileRef = 4A417F9027E01A6500038ED8 /* ContentView.swift */; };
		4A417F9327E01A6600038ED8 /* Assets.xcassets in Resources */ = {isa = PBXBuildFile; fileRef = 4A417F9227E01A6600038ED8 /* Assets.xcassets */; };
		4A417F9627E01A6600038ED8 /* Preview Assets.xcassets in Resources */ = {isa = PBXBuildFile; fileRef = 4A417F9527E01A6600038ED8 /* Preview Assets.xcassets */; };
		4A417FA127E01A6600038ED8 /* JollyCooksTests.swift in Sources */ = {isa = PBXBuildFile; fileRef = 4A417FA027E01A6600038ED8 /* JollyCooksTests.swift */; };
		4A417FAC27E01A6600038ED8 /* JollyCooksUITests.swift in Sources */ = {isa = PBXBuildFile; fileRef = 4A417FAB27E01A6600038ED8 /* JollyCooksUITests.swift */; };
		4A510CB427E07F0D00D72846 /* HomeView.swift in Sources */ = {isa = PBXBuildFile; fileRef = 4A510CB327E07F0D00D72846 /* HomeView.swift */; };
		4A510CB627E07F3800D72846 /* ManualAddView.swift in Sources */ = {isa = PBXBuildFile; fileRef = 4A510CB527E07F3800D72846 /* ManualAddView.swift */; };
		4A510CB827E07F4C00D72846 /* PlannerView.swift in Sources */ = {isa = PBXBuildFile; fileRef = 4A510CB727E07F4C00D72846 /* PlannerView.swift */; };
		4A510CBA27E07F7200D72846 /* FavouriteView.swift in Sources */ = {isa = PBXBuildFile; fileRef = 4A510CB927E07F7200D72846 /* FavouriteView.swift */; };
		4A510CBC27E07F8A00D72846 /* ProfileView.swift in Sources */ = {isa = PBXBuildFile; fileRef = 4A510CBB27E07F8A00D72846 /* ProfileView.swift */; };
		4A510CBE27E0925F00D72846 /* CircleImage.swift in Sources */ = {isa = PBXBuildFile; fileRef = 4A510CBD27E0925F00D72846 /* CircleImage.swift */; };
		4A510CC027E0992E00D72846 /* ProfileBox.swift in Sources */ = {isa = PBXBuildFile; fileRef = 4A510CBF27E0992E00D72846 /* ProfileBox.swift */; };
		4A510CC227E0ACDD00D72846 /* ProfileFood.swift in Sources */ = {isa = PBXBuildFile; fileRef = 4A510CC127E0ACDD00D72846 /* ProfileFood.swift */; };
		4A510CC627E0B36700D72846 /* ProfileBoxWords.swift in Sources */ = {isa = PBXBuildFile; fileRef = 4A510CC527E0B36700D72846 /* ProfileBoxWords.swift */; };
		4A9C418027E1E32D00517873 /* Other Random Accounts.swift in Sources */ = {isa = PBXBuildFile; fileRef = 4A9C417F27E1E32D00517873 /* Other Random Accounts.swift */; };
		4A9C418627E1FA6800517873 /* Pizza.swift in Sources */ = {isa = PBXBuildFile; fileRef = 4A9C418527E1FA6800517873 /* Pizza.swift */; };
		4A9C418827E1FAF200517873 /* Noodle.swift in Sources */ = {isa = PBXBuildFile; fileRef = 4A9C418727E1FAF200517873 /* Noodle.swift */; };
		4A9C418A27E1FB9900517873 /* FriedRice.swift in Sources */ = {isa = PBXBuildFile; fileRef = 4A9C418927E1FB9900517873 /* FriedRice.swift */; };
		4A9C418C27E1FC4D00517873 /* Mark1.swift in Sources */ = {isa = PBXBuildFile; fileRef = 4A9C418B27E1FC4D00517873 /* Mark1.swift */; };
		4A9C418E27E1FCFB00517873 /* Mark2.swift in Sources */ = {isa = PBXBuildFile; fileRef = 4A9C418D27E1FCFB00517873 /* Mark2.swift */; };
		4A9C419027E1FD3700517873 /* Mark3.swift in Sources */ = {isa = PBXBuildFile; fileRef = 4A9C418F27E1FD3700517873 /* Mark3.swift */; };
		4A9C419227E2054F00517873 /* Onions.swift in Sources */ = {isa = PBXBuildFile; fileRef = 4A9C419127E2054F00517873 /* Onions.swift */; };
		4A9C419427E207C900517873 /* Foood2.swift in Sources */ = {isa = PBXBuildFile; fileRef = 4A9C419327E207C900517873 /* Foood2.swift */; };
		4A9C419627E2098700517873 /* Lunchpage.swift in Sources */ = {isa = PBXBuildFile; fileRef = 4A9C419527E2098700517873 /* Lunchpage.swift */; };
		4A9C419827E20EA500517873 /* Bun.swift in Sources */ = {isa = PBXBuildFile; fileRef = 4A9C419727E20EA500517873 /* Bun.swift */; };
		4AADF9F227E1B7B3000C7ACB /* Dinner.swift in Sources */ = {isa = PBXBuildFile; fileRef = 4AADF9F127E1B7B3000C7ACB /* Dinner.swift */; };
		4AADF9F427E1C141000C7ACB /* Salads.swift in Sources */ = {isa = PBXBuildFile; fileRef = 4AADF9F327E1C141000C7ACB /* Salads.swift */; };
		4AE9965F27E15916007BCE14 /* DessertView.swift in Sources */ = {isa = PBXBuildFile; fileRef = 4AE9965E27E15916007BCE14 /* DessertView.swift */; };
		4AE9966227E189A6007BCE14 /* AddMintBox.swift in Sources */ = {isa = PBXBuildFile; fileRef = 4AE9966127E189A6007BCE14 /* AddMintBox.swift */; };
		4AE9966427E189EC007BCE14 /* AddPage.swift in Sources */ = {isa = PBXBuildFile; fileRef = 4AE9966327E189EC007BCE14 /* AddPage.swift */; };
		4AE9966627E18D75007BCE14 /* AddRedBox.swift in Sources */ = {isa = PBXBuildFile; fileRef = 4AE9966527E18D75007BCE14 /* AddRedBox.swift */; };
		4AE9966927E18FBA007BCE14 /* AddNotes.swift in Sources */ = {isa = PBXBuildFile; fileRef = 4AE9966827E18FBA007BCE14 /* AddNotes.swift */; };
		4AE9966B27E1913F007BCE14 /* AddYellowBox.swift in Sources */ = {isa = PBXBuildFile; fileRef = 4AE9966A27E1913F007BCE14 /* AddYellowBox.swift */; };
		4AFB678627E0210D00039787 /* Main.swift in Sources */ = {isa = PBXBuildFile; fileRef = 4AFB678527E0210D00039787 /* Main.swift */; };
		68A500C02809388B00C8A304 /* GoogleService-Info.plist in Resources */ = {isa = PBXBuildFile; fileRef = 68A500BF2809388B00C8A304 /* GoogleService-Info.plist */; };
		A41E63F558AA86B29B09FDBA /* Pods_JollyCooks_JollyCooksUITests.framework in Frameworks */ = {isa = PBXBuildFile; fileRef = D97CA891A9ABB670BA855CDB /* Pods_JollyCooks_JollyCooksUITests.framework */; };
		B313DF9CD0786AA1CBC73021 /* Pods_JollyCooks.framework in Frameworks */ = {isa = PBXBuildFile; fileRef = 926988BF190853681D959D49 /* Pods_JollyCooks.framework */; };
		FF5656A7A929209FF2306BC3 /* Pods_JollyCooksTests.framework in Frameworks */ = {isa = PBXBuildFile; fileRef = CA04A9AC23B7E5FF56ACFDDD /* Pods_JollyCooksTests.framework */; };
/* End PBXBuildFile section */

/* Begin PBXContainerItemProxy section */
		4A417F9D27E01A6600038ED8 /* PBXContainerItemProxy */ = {
			isa = PBXContainerItemProxy;
			containerPortal = 4A417F8327E01A6500038ED8 /* Project object */;
			proxyType = 1;
			remoteGlobalIDString = 4A417F8A27E01A6500038ED8;
			remoteInfo = JollyCooks;
		};
		4A417FA827E01A6600038ED8 /* PBXContainerItemProxy */ = {
			isa = PBXContainerItemProxy;
			containerPortal = 4A417F8327E01A6500038ED8 /* Project object */;
			proxyType = 1;
			remoteGlobalIDString = 4A417F8A27E01A6500038ED8;
			remoteInfo = JollyCooks;
		};
/* End PBXContainerItemProxy section */

/* Begin PBXFileReference section */
		2E37453CD385A21CC9EF158C /* Pods-JollyCooksTests.release.xcconfig */ = {isa = PBXFileReference; includeInIndex = 1; lastKnownFileType = text.xcconfig; name = "Pods-JollyCooksTests.release.xcconfig"; path = "Target Support Files/Pods-JollyCooksTests/Pods-JollyCooksTests.release.xcconfig"; sourceTree = "<group>"; };
		4A1E46ED27E13E5B00CD2187 /* SettingsPage.swift */ = {isa = PBXFileReference; lastKnownFileType = sourcecode.swift; path = SettingsPage.swift; sourceTree = "<group>"; };
		4A1E46F027E140D000CD2187 /* SettingsListView.swift */ = {isa = PBXFileReference; lastKnownFileType = sourcecode.swift; path = SettingsListView.swift; sourceTree = "<group>"; };
		4A417F8B27E01A6500038ED8 /* JollyCooks.app */ = {isa = PBXFileReference; explicitFileType = wrapper.application; includeInIndex = 0; path = JollyCooks.app; sourceTree = BUILT_PRODUCTS_DIR; };
		4A417F8E27E01A6500038ED8 /* JollyCooksApp.swift */ = {isa = PBXFileReference; lastKnownFileType = sourcecode.swift; path = JollyCooksApp.swift; sourceTree = "<group>"; };
		4A417F9027E01A6500038ED8 /* ContentView.swift */ = {isa = PBXFileReference; lastKnownFileType = sourcecode.swift; path = ContentView.swift; sourceTree = "<group>"; };
		4A417F9227E01A6600038ED8 /* Assets.xcassets */ = {isa = PBXFileReference; lastKnownFileType = folder.assetcatalog; path = Assets.xcassets; sourceTree = "<group>"; };
		4A417F9527E01A6600038ED8 /* Preview Assets.xcassets */ = {isa = PBXFileReference; lastKnownFileType = folder.assetcatalog; path = "Preview Assets.xcassets"; sourceTree = "<group>"; };
		4A417F9727E01A6600038ED8 /* Info.plist */ = {isa = PBXFileReference; lastKnownFileType = text.plist.xml; path = Info.plist; sourceTree = "<group>"; };
		4A417F9C27E01A6600038ED8 /* JollyCooksTests.xctest */ = {isa = PBXFileReference; explicitFileType = wrapper.cfbundle; includeInIndex = 0; path = JollyCooksTests.xctest; sourceTree = BUILT_PRODUCTS_DIR; };
		4A417FA027E01A6600038ED8 /* JollyCooksTests.swift */ = {isa = PBXFileReference; lastKnownFileType = sourcecode.swift; path = JollyCooksTests.swift; sourceTree = "<group>"; };
		4A417FA227E01A6600038ED8 /* Info.plist */ = {isa = PBXFileReference; lastKnownFileType = text.plist.xml; path = Info.plist; sourceTree = "<group>"; };
		4A417FA727E01A6600038ED8 /* JollyCooksUITests.xctest */ = {isa = PBXFileReference; explicitFileType = wrapper.cfbundle; includeInIndex = 0; path = JollyCooksUITests.xctest; sourceTree = BUILT_PRODUCTS_DIR; };
		4A417FAB27E01A6600038ED8 /* JollyCooksUITests.swift */ = {isa = PBXFileReference; lastKnownFileType = sourcecode.swift; path = JollyCooksUITests.swift; sourceTree = "<group>"; };
		4A417FAD27E01A6600038ED8 /* Info.plist */ = {isa = PBXFileReference; lastKnownFileType = text.plist.xml; path = Info.plist; sourceTree = "<group>"; };
		4A510CB327E07F0D00D72846 /* HomeView.swift */ = {isa = PBXFileReference; lastKnownFileType = sourcecode.swift; path = HomeView.swift; sourceTree = "<group>"; };
		4A510CB527E07F3800D72846 /* ManualAddView.swift */ = {isa = PBXFileReference; lastKnownFileType = sourcecode.swift; path = ManualAddView.swift; sourceTree = "<group>"; };
		4A510CB727E07F4C00D72846 /* PlannerView.swift */ = {isa = PBXFileReference; lastKnownFileType = sourcecode.swift; path = PlannerView.swift; sourceTree = "<group>"; };
		4A510CB927E07F7200D72846 /* FavouriteView.swift */ = {isa = PBXFileReference; lastKnownFileType = sourcecode.swift; path = FavouriteView.swift; sourceTree = "<group>"; };
		4A510CBB27E07F8A00D72846 /* ProfileView.swift */ = {isa = PBXFileReference; lastKnownFileType = sourcecode.swift; path = ProfileView.swift; sourceTree = "<group>"; };
		4A510CBD27E0925F00D72846 /* CircleImage.swift */ = {isa = PBXFileReference; lastKnownFileType = sourcecode.swift; path = CircleImage.swift; sourceTree = "<group>"; };
		4A510CBF27E0992E00D72846 /* ProfileBox.swift */ = {isa = PBXFileReference; lastKnownFileType = sourcecode.swift; path = ProfileBox.swift; sourceTree = "<group>"; };
		4A510CC127E0ACDD00D72846 /* ProfileFood.swift */ = {isa = PBXFileReference; lastKnownFileType = sourcecode.swift; path = ProfileFood.swift; sourceTree = "<group>"; };
		4A510CC527E0B36700D72846 /* ProfileBoxWords.swift */ = {isa = PBXFileReference; lastKnownFileType = sourcecode.swift; path = ProfileBoxWords.swift; sourceTree = "<group>"; };
		4A9C417F27E1E32D00517873 /* Other Random Accounts.swift */ = {isa = PBXFileReference; lastKnownFileType = sourcecode.swift; path = "Other Random Accounts.swift"; sourceTree = "<group>"; };
		4A9C418527E1FA6800517873 /* Pizza.swift */ = {isa = PBXFileReference; lastKnownFileType = sourcecode.swift; path = Pizza.swift; sourceTree = "<group>"; };
		4A9C418727E1FAF200517873 /* Noodle.swift */ = {isa = PBXFileReference; lastKnownFileType = sourcecode.swift; path = Noodle.swift; sourceTree = "<group>"; };
		4A9C418927E1FB9900517873 /* FriedRice.swift */ = {isa = PBXFileReference; lastKnownFileType = sourcecode.swift; path = FriedRice.swift; sourceTree = "<group>"; };
		4A9C418B27E1FC4D00517873 /* Mark1.swift */ = {isa = PBXFileReference; lastKnownFileType = sourcecode.swift; path = Mark1.swift; sourceTree = "<group>"; };
		4A9C418D27E1FCFB00517873 /* Mark2.swift */ = {isa = PBXFileReference; lastKnownFileType = sourcecode.swift; path = Mark2.swift; sourceTree = "<group>"; };
		4A9C418F27E1FD3700517873 /* Mark3.swift */ = {isa = PBXFileReference; lastKnownFileType = sourcecode.swift; path = Mark3.swift; sourceTree = "<group>"; };
		4A9C419127E2054F00517873 /* Onions.swift */ = {isa = PBXFileReference; lastKnownFileType = sourcecode.swift; path = Onions.swift; sourceTree = "<group>"; };
		4A9C419327E207C900517873 /* Foood2.swift */ = {isa = PBXFileReference; lastKnownFileType = sourcecode.swift; path = Foood2.swift; sourceTree = "<group>"; };
		4A9C419527E2098700517873 /* Lunchpage.swift */ = {isa = PBXFileReference; lastKnownFileType = sourcecode.swift; path = Lunchpage.swift; sourceTree = "<group>"; };
		4A9C419727E20EA500517873 /* Bun.swift */ = {isa = PBXFileReference; lastKnownFileType = sourcecode.swift; path = Bun.swift; sourceTree = "<group>"; };
		4AADF9F127E1B7B3000C7ACB /* Dinner.swift */ = {isa = PBXFileReference; lastKnownFileType = sourcecode.swift; path = Dinner.swift; sourceTree = "<group>"; };
		4AADF9F327E1C141000C7ACB /* Salads.swift */ = {isa = PBXFileReference; lastKnownFileType = sourcecode.swift; path = Salads.swift; sourceTree = "<group>"; };
		4AE9965E27E15916007BCE14 /* DessertView.swift */ = {isa = PBXFileReference; lastKnownFileType = sourcecode.swift; path = DessertView.swift; sourceTree = "<group>"; };
		4AE9966127E189A6007BCE14 /* AddMintBox.swift */ = {isa = PBXFileReference; lastKnownFileType = sourcecode.swift; path = AddMintBox.swift; sourceTree = "<group>"; };
		4AE9966327E189EC007BCE14 /* AddPage.swift */ = {isa = PBXFileReference; lastKnownFileType = sourcecode.swift; path = AddPage.swift; sourceTree = "<group>"; };
		4AE9966527E18D75007BCE14 /* AddRedBox.swift */ = {isa = PBXFileReference; lastKnownFileType = sourcecode.swift; path = AddRedBox.swift; sourceTree = "<group>"; };
		4AE9966827E18FBA007BCE14 /* AddNotes.swift */ = {isa = PBXFileReference; lastKnownFileType = sourcecode.swift; path = AddNotes.swift; sourceTree = "<group>"; };
		4AE9966A27E1913F007BCE14 /* AddYellowBox.swift */ = {isa = PBXFileReference; lastKnownFileType = sourcecode.swift; path = AddYellowBox.swift; sourceTree = "<group>"; };
		4AFB678527E0210D00039787 /* Main.swift */ = {isa = PBXFileReference; lastKnownFileType = sourcecode.swift; path = Main.swift; sourceTree = "<group>"; };
		4D4FAFFB9A0E39D3B519C569 /* Pods-JollyCooks-JollyCooksUITests.debug.xcconfig */ = {isa = PBXFileReference; includeInIndex = 1; lastKnownFileType = text.xcconfig; name = "Pods-JollyCooks-JollyCooksUITests.debug.xcconfig"; path = "Target Support Files/Pods-JollyCooks-JollyCooksUITests/Pods-JollyCooks-JollyCooksUITests.debug.xcconfig"; sourceTree = "<group>"; };
		569666F24FFBF12EB2541585 /* Pods-JollyCooks.debug.xcconfig */ = {isa = PBXFileReference; includeInIndex = 1; lastKnownFileType = text.xcconfig; name = "Pods-JollyCooks.debug.xcconfig"; path = "Target Support Files/Pods-JollyCooks/Pods-JollyCooks.debug.xcconfig"; sourceTree = "<group>"; };
		68A500BF2809388B00C8A304 /* GoogleService-Info.plist */ = {isa = PBXFileReference; fileEncoding = 4; lastKnownFileType = text.plist.xml; path = "GoogleService-Info.plist"; sourceTree = "<group>"; };
		926988BF190853681D959D49 /* Pods_JollyCooks.framework */ = {isa = PBXFileReference; explicitFileType = wrapper.framework; includeInIndex = 0; path = Pods_JollyCooks.framework; sourceTree = BUILT_PRODUCTS_DIR; };
		B1593DDD0588895E6F353770 /* Pods-JollyCooksTests.debug.xcconfig */ = {isa = PBXFileReference; includeInIndex = 1; lastKnownFileType = text.xcconfig; name = "Pods-JollyCooksTests.debug.xcconfig"; path = "Target Support Files/Pods-JollyCooksTests/Pods-JollyCooksTests.debug.xcconfig"; sourceTree = "<group>"; };
		CA04A9AC23B7E5FF56ACFDDD /* Pods_JollyCooksTests.framework */ = {isa = PBXFileReference; explicitFileType = wrapper.framework; includeInIndex = 0; path = Pods_JollyCooksTests.framework; sourceTree = BUILT_PRODUCTS_DIR; };
		D97CA891A9ABB670BA855CDB /* Pods_JollyCooks_JollyCooksUITests.framework */ = {isa = PBXFileReference; explicitFileType = wrapper.framework; includeInIndex = 0; path = Pods_JollyCooks_JollyCooksUITests.framework; sourceTree = BUILT_PRODUCTS_DIR; };
		DC50DB3EC8E4192932D46628 /* Pods-JollyCooks-JollyCooksUITests.release.xcconfig */ = {isa = PBXFileReference; includeInIndex = 1; lastKnownFileType = text.xcconfig; name = "Pods-JollyCooks-JollyCooksUITests.release.xcconfig"; path = "Target Support Files/Pods-JollyCooks-JollyCooksUITests/Pods-JollyCooks-JollyCooksUITests.release.xcconfig"; sourceTree = "<group>"; };
		E2C6931689903ECA8FC76F84 /* Pods-JollyCooks.release.xcconfig */ = {isa = PBXFileReference; includeInIndex = 1; lastKnownFileType = text.xcconfig; name = "Pods-JollyCooks.release.xcconfig"; path = "Target Support Files/Pods-JollyCooks/Pods-JollyCooks.release.xcconfig"; sourceTree = "<group>"; };
/* End PBXFileReference section */

/* Begin PBXFrameworksBuildPhase section */
		4A417F8827E01A6500038ED8 /* Frameworks */ = {
			isa = PBXFrameworksBuildPhase;
			buildActionMask = 2147483647;
			files = (
				B313DF9CD0786AA1CBC73021 /* Pods_JollyCooks.framework in Frameworks */,
			);
			runOnlyForDeploymentPostprocessing = 0;
		};
		4A417F9927E01A6600038ED8 /* Frameworks */ = {
			isa = PBXFrameworksBuildPhase;
			buildActionMask = 2147483647;
			files = (
				FF5656A7A929209FF2306BC3 /* Pods_JollyCooksTests.framework in Frameworks */,
			);
			runOnlyForDeploymentPostprocessing = 0;
		};
		4A417FA427E01A6600038ED8 /* Frameworks */ = {
			isa = PBXFrameworksBuildPhase;
			buildActionMask = 2147483647;
			files = (
				A41E63F558AA86B29B09FDBA /* Pods_JollyCooks_JollyCooksUITests.framework in Frameworks */,
			);
			runOnlyForDeploymentPostprocessing = 0;
		};
/* End PBXFrameworksBuildPhase section */

/* Begin PBXGroup section */
		41D7D44B9321E29811242F66 /* Pods */ = {
			isa = PBXGroup;
			children = (
				569666F24FFBF12EB2541585 /* Pods-JollyCooks.debug.xcconfig */,
				E2C6931689903ECA8FC76F84 /* Pods-JollyCooks.release.xcconfig */,
				4D4FAFFB9A0E39D3B519C569 /* Pods-JollyCooks-JollyCooksUITests.debug.xcconfig */,
				DC50DB3EC8E4192932D46628 /* Pods-JollyCooks-JollyCooksUITests.release.xcconfig */,
				B1593DDD0588895E6F353770 /* Pods-JollyCooksTests.debug.xcconfig */,
				2E37453CD385A21CC9EF158C /* Pods-JollyCooksTests.release.xcconfig */,
			);
			path = Pods;
			sourceTree = "<group>";
		};
		4A1E46EF27E140C300CD2187 /* Settings */ = {
			isa = PBXGroup;
			children = (
				4A1E46ED27E13E5B00CD2187 /* SettingsPage.swift */,
				4A1E46F027E140D000CD2187 /* SettingsListView.swift */,
				4A9C417F27E1E32D00517873 /* Other Random Accounts.swift */,
			);
			path = Settings;
			sourceTree = "<group>";
		};
		4A417F8227E01A6500038ED8 = {
			isa = PBXGroup;
			children = (
				4A417F8D27E01A6500038ED8 /* JollyCooks */,
				4A417F9F27E01A6600038ED8 /* JollyCooksTests */,
				4A417FAA27E01A6600038ED8 /* JollyCooksUITests */,
				4A417F8C27E01A6500038ED8 /* Products */,
				41D7D44B9321E29811242F66 /* Pods */,
				BB7210607ED07B48BD4D01A7 /* Frameworks */,
			);
			sourceTree = "<group>";
		};
		4A417F8C27E01A6500038ED8 /* Products */ = {
			isa = PBXGroup;
			children = (
				4A417F8B27E01A6500038ED8 /* JollyCooks.app */,
				4A417F9C27E01A6600038ED8 /* JollyCooksTests.xctest */,
				4A417FA727E01A6600038ED8 /* JollyCooksUITests.xctest */,
			);
			name = Products;
			sourceTree = "<group>";
		};
		4A417F8D27E01A6500038ED8 /* JollyCooks */ = {
			isa = PBXGroup;
			children = (
				68A500BF2809388B00C8A304 /* GoogleService-Info.plist */,
				4AFB678527E0210D00039787 /* Main.swift */,
				4A417F8E27E01A6500038ED8 /* JollyCooksApp.swift */,
				4A417F9027E01A6500038ED8 /* ContentView.swift */,
				4A510CB327E07F0D00D72846 /* HomeView.swift */,
				4A510CB527E07F3800D72846 /* ManualAddView.swift */,
				4A9C419527E2098700517873 /* Lunchpage.swift */,
				4AE9966327E189EC007BCE14 /* AddPage.swift */,
				4A510CB727E07F4C00D72846 /* PlannerView.swift */,
				4A510CB927E07F7200D72846 /* FavouriteView.swift */,
				4A510CBB27E07F8A00D72846 /* ProfileView.swift */,
				4A9C418427E1FA6000517873 /* Favourites */,
				4AADF9EF27E1B7A0000C7ACB /* Home Page */,
				4AE9966027E18986007BCE14 /* ManualAdd */,
				4A1E46EF27E140C300CD2187 /* Settings */,
				4A510CC327E0B12700D72846 /* Profile */,
				4A417F9227E01A6600038ED8 /* Assets.xcassets */,
				4A417F9727E01A6600038ED8 /* Info.plist */,
				4A417F9427E01A6600038ED8 /* Preview Content */,
			);
			path = JollyCooks;
			sourceTree = "<group>";
		};
		4A417F9427E01A6600038ED8 /* Preview Content */ = {
			isa = PBXGroup;
			children = (
				4A417F9527E01A6600038ED8 /* Preview Assets.xcassets */,
			);
			path = "Preview Content";
			sourceTree = "<group>";
		};
		4A417F9F27E01A6600038ED8 /* JollyCooksTests */ = {
			isa = PBXGroup;
			children = (
				4A417FA027E01A6600038ED8 /* JollyCooksTests.swift */,
				4A417FA227E01A6600038ED8 /* Info.plist */,
			);
			path = JollyCooksTests;
			sourceTree = "<group>";
		};
		4A417FAA27E01A6600038ED8 /* JollyCooksUITests */ = {
			isa = PBXGroup;
			children = (
				4A417FAB27E01A6600038ED8 /* JollyCooksUITests.swift */,
				4A417FAD27E01A6600038ED8 /* Info.plist */,
			);
			path = JollyCooksUITests;
			sourceTree = "<group>";
		};
		4A510CC327E0B12700D72846 /* Profile */ = {
			isa = PBXGroup;
			children = (
				4A510CBD27E0925F00D72846 /* CircleImage.swift */,
				4A510CC127E0ACDD00D72846 /* ProfileFood.swift */,
				4AE9965E27E15916007BCE14 /* DessertView.swift */,
				4A510CBF27E0992E00D72846 /* ProfileBox.swift */,
				4A510CC527E0B36700D72846 /* ProfileBoxWords.swift */,
				4A510CC427E0B35A00D72846 /* New Group */,
				4AADF9F327E1C141000C7ACB /* Salads.swift */,
			);
			path = Profile;
			sourceTree = "<group>";
		};
		4A510CC427E0B35A00D72846 /* New Group */ = {
			isa = PBXGroup;
			children = (
			);
			path = "New Group";
			sourceTree = "<group>";
		};
		4A9C418427E1FA6000517873 /* Favourites */ = {
			isa = PBXGroup;
			children = (
				4A9C418527E1FA6800517873 /* Pizza.swift */,
				4A9C418B27E1FC4D00517873 /* Mark1.swift */,
				4A9C418D27E1FCFB00517873 /* Mark2.swift */,
				4A9C418F27E1FD3700517873 /* Mark3.swift */,
				4A9C418727E1FAF200517873 /* Noodle.swift */,
				4A9C418927E1FB9900517873 /* FriedRice.swift */,
				4A9C419727E20EA500517873 /* Bun.swift */,
				4A9C419327E207C900517873 /* Foood2.swift */,
				4A9C419127E2054F00517873 /* Onions.swift */,
			);
			path = Favourites;
			sourceTree = "<group>";
		};
		4AADF9EF27E1B7A0000C7ACB /* Home Page */ = {
			isa = PBXGroup;
			children = (
				4AADF9F027E1B7A9000C7ACB /* New Group */,
				4AADF9F127E1B7B3000C7ACB /* Dinner.swift */,
			);
			path = "Home Page";
			sourceTree = "<group>";
		};
		4AADF9F027E1B7A9000C7ACB /* New Group */ = {
			isa = PBXGroup;
			children = (
			);
			path = "New Group";
			sourceTree = "<group>";
		};
		4AE9966027E18986007BCE14 /* ManualAdd */ = {
			isa = PBXGroup;
			children = (
				4AE9966127E189A6007BCE14 /* AddMintBox.swift */,
				4AE9966527E18D75007BCE14 /* AddRedBox.swift */,
				4AE9966A27E1913F007BCE14 /* AddYellowBox.swift */,
				4AE9966827E18FBA007BCE14 /* AddNotes.swift */,
			);
			path = ManualAdd;
			sourceTree = "<group>";
		};
		BB7210607ED07B48BD4D01A7 /* Frameworks */ = {
			isa = PBXGroup;
			children = (
				926988BF190853681D959D49 /* Pods_JollyCooks.framework */,
				D97CA891A9ABB670BA855CDB /* Pods_JollyCooks_JollyCooksUITests.framework */,
				CA04A9AC23B7E5FF56ACFDDD /* Pods_JollyCooksTests.framework */,
			);
			name = Frameworks;
			sourceTree = "<group>";
		};
/* End PBXGroup section */

/* Begin PBXNativeTarget section */
		4A417F8A27E01A6500038ED8 /* JollyCooks */ = {
			isa = PBXNativeTarget;
			buildConfigurationList = 4A417FB027E01A6600038ED8 /* Build configuration list for PBXNativeTarget "JollyCooks" */;
			buildPhases = (
				ECF0DC7DBCF6F913105FFA8B /* [CP] Check Pods Manifest.lock */,
				4A417F8727E01A6500038ED8 /* Sources */,
				4A417F8827E01A6500038ED8 /* Frameworks */,
				4A417F8927E01A6500038ED8 /* Resources */,
				0C37A66A2B7EAAC5DDAE1FE1 /* [CP] Embed Pods Frameworks */,
			);
			buildRules = (
			);
			dependencies = (
			);
			name = JollyCooks;
			productName = JollyCooks;
			productReference = 4A417F8B27E01A6500038ED8 /* JollyCooks.app */;
			productType = "com.apple.product-type.application";
		};
		4A417F9B27E01A6600038ED8 /* JollyCooksTests */ = {
			isa = PBXNativeTarget;
			buildConfigurationList = 4A417FB327E01A6600038ED8 /* Build configuration list for PBXNativeTarget "JollyCooksTests" */;
			buildPhases = (
				30CAD8B0AC000EB0F5FE73A8 /* [CP] Check Pods Manifest.lock */,
				4A417F9827E01A6600038ED8 /* Sources */,
				4A417F9927E01A6600038ED8 /* Frameworks */,
				4A417F9A27E01A6600038ED8 /* Resources */,
			);
			buildRules = (
			);
			dependencies = (
				4A417F9E27E01A6600038ED8 /* PBXTargetDependency */,
			);
			name = JollyCooksTests;
			productName = JollyCooksTests;
			productReference = 4A417F9C27E01A6600038ED8 /* JollyCooksTests.xctest */;
			productType = "com.apple.product-type.bundle.unit-test";
		};
		4A417FA627E01A6600038ED8 /* JollyCooksUITests */ = {
			isa = PBXNativeTarget;
			buildConfigurationList = 4A417FB627E01A6600038ED8 /* Build configuration list for PBXNativeTarget "JollyCooksUITests" */;
			buildPhases = (
				188E78F0FC4E12E57BC7EC31 /* [CP] Check Pods Manifest.lock */,
				4A417FA327E01A6600038ED8 /* Sources */,
				4A417FA427E01A6600038ED8 /* Frameworks */,
				4A417FA527E01A6600038ED8 /* Resources */,
				77D4089918691ED21976163F /* [CP] Embed Pods Frameworks */,
			);
			buildRules = (
			);
			dependencies = (
				4A417FA927E01A6600038ED8 /* PBXTargetDependency */,
			);
			name = JollyCooksUITests;
			productName = JollyCooksUITests;
			productReference = 4A417FA727E01A6600038ED8 /* JollyCooksUITests.xctest */;
			productType = "com.apple.product-type.bundle.ui-testing";
		};
/* End PBXNativeTarget section */

/* Begin PBXProject section */
		4A417F8327E01A6500038ED8 /* Project object */ = {
			isa = PBXProject;
			attributes = {
				LastSwiftUpdateCheck = 1250;
				LastUpgradeCheck = 1250;
				TargetAttributes = {
					4A417F8A27E01A6500038ED8 = {
						CreatedOnToolsVersion = 12.5.1;
					};
					4A417F9B27E01A6600038ED8 = {
						CreatedOnToolsVersion = 12.5.1;
						TestTargetID = 4A417F8A27E01A6500038ED8;
					};
					4A417FA627E01A6600038ED8 = {
						CreatedOnToolsVersion = 12.5.1;
						TestTargetID = 4A417F8A27E01A6500038ED8;
					};
				};
			};
			buildConfigurationList = 4A417F8627E01A6500038ED8 /* Build configuration list for PBXProject "JollyCooks" */;
			compatibilityVersion = "Xcode 9.3";
			developmentRegion = en;
			hasScannedForEncodings = 0;
			knownRegions = (
				en,
				Base,
			);
			mainGroup = 4A417F8227E01A6500038ED8;
			productRefGroup = 4A417F8C27E01A6500038ED8 /* Products */;
			projectDirPath = "";
			projectRoot = "";
			targets = (
				4A417F8A27E01A6500038ED8 /* JollyCooks */,
				4A417F9B27E01A6600038ED8 /* JollyCooksTests */,
				4A417FA627E01A6600038ED8 /* JollyCooksUITests */,
			);
		};
/* End PBXProject section */

/* Begin PBXResourcesBuildPhase section */
		4A417F8927E01A6500038ED8 /* Resources */ = {
			isa = PBXResourcesBuildPhase;
			buildActionMask = 2147483647;
			files = (
				4A417F9627E01A6600038ED8 /* Preview Assets.xcassets in Resources */,
				4A417F9327E01A6600038ED8 /* Assets.xcassets in Resources */,
				68A500C02809388B00C8A304 /* GoogleService-Info.plist in Resources */,
			);
			runOnlyForDeploymentPostprocessing = 0;
		};
		4A417F9A27E01A6600038ED8 /* Resources */ = {
			isa = PBXResourcesBuildPhase;
			buildActionMask = 2147483647;
			files = (
			);
			runOnlyForDeploymentPostprocessing = 0;
		};
		4A417FA527E01A6600038ED8 /* Resources */ = {
			isa = PBXResourcesBuildPhase;
			buildActionMask = 2147483647;
			files = (
			);
			runOnlyForDeploymentPostprocessing = 0;
		};
/* End PBXResourcesBuildPhase section */

/* Begin PBXShellScriptBuildPhase section */
		0C37A66A2B7EAAC5DDAE1FE1 /* [CP] Embed Pods Frameworks */ = {
			isa = PBXShellScriptBuildPhase;
			buildActionMask = 2147483647;
			files = (
			);
			inputFileListPaths = (
				"${PODS_ROOT}/Target Support Files/Pods-JollyCooks/Pods-JollyCooks-frameworks-${CONFIGURATION}-input-files.xcfilelist",
			);
			name = "[CP] Embed Pods Frameworks";
			outputFileListPaths = (
				"${PODS_ROOT}/Target Support Files/Pods-JollyCooks/Pods-JollyCooks-frameworks-${CONFIGURATION}-output-files.xcfilelist",
			);
			runOnlyForDeploymentPostprocessing = 0;
			shellPath = /bin/sh;
			shellScript = "\"${PODS_ROOT}/Target Support Files/Pods-JollyCooks/Pods-JollyCooks-frameworks.sh\"\n";
			showEnvVarsInLog = 0;
		};
		188E78F0FC4E12E57BC7EC31 /* [CP] Check Pods Manifest.lock */ = {
			isa = PBXShellScriptBuildPhase;
			buildActionMask = 2147483647;
			files = (
			);
			inputFileListPaths = (
			);
			inputPaths = (
				"${PODS_PODFILE_DIR_PATH}/Podfile.lock",
				"${PODS_ROOT}/Manifest.lock",
			);
			name = "[CP] Check Pods Manifest.lock";
			outputFileListPaths = (
			);
			outputPaths = (
				"$(DERIVED_FILE_DIR)/Pods-JollyCooks-JollyCooksUITests-checkManifestLockResult.txt",
			);
			runOnlyForDeploymentPostprocessing = 0;
			shellPath = /bin/sh;
			shellScript = "diff \"${PODS_PODFILE_DIR_PATH}/Podfile.lock\" \"${PODS_ROOT}/Manifest.lock\" > /dev/null\nif [ $? != 0 ] ; then\n    # print error to STDERR\n    echo \"error: The sandbox is not in sync with the Podfile.lock. Run 'pod install' or update your CocoaPods installation.\" >&2\n    exit 1\nfi\n# This output is used by Xcode 'outputs' to avoid re-running this script phase.\necho \"SUCCESS\" > \"${SCRIPT_OUTPUT_FILE_0}\"\n";
			showEnvVarsInLog = 0;
		};
		30CAD8B0AC000EB0F5FE73A8 /* [CP] Check Pods Manifest.lock */ = {
			isa = PBXShellScriptBuildPhase;
			buildActionMask = 2147483647;
			files = (
			);
			inputFileListPaths = (
			);
			inputPaths = (
				"${PODS_PODFILE_DIR_PATH}/Podfile.lock",
				"${PODS_ROOT}/Manifest.lock",
			);
			name = "[CP] Check Pods Manifest.lock";
			outputFileListPaths = (
			);
			outputPaths = (
				"$(DERIVED_FILE_DIR)/Pods-JollyCooksTests-checkManifestLockResult.txt",
			);
			runOnlyForDeploymentPostprocessing = 0;
			shellPath = /bin/sh;
			shellScript = "diff \"${PODS_PODFILE_DIR_PATH}/Podfile.lock\" \"${PODS_ROOT}/Manifest.lock\" > /dev/null\nif [ $? != 0 ] ; then\n    # print error to STDERR\n    echo \"error: The sandbox is not in sync with the Podfile.lock. Run 'pod install' or update your CocoaPods installation.\" >&2\n    exit 1\nfi\n# This output is used by Xcode 'outputs' to avoid re-running this script phase.\necho \"SUCCESS\" > \"${SCRIPT_OUTPUT_FILE_0}\"\n";
			showEnvVarsInLog = 0;
		};
		77D4089918691ED21976163F /* [CP] Embed Pods Frameworks */ = {
			isa = PBXShellScriptBuildPhase;
			buildActionMask = 2147483647;
			files = (
			);
			inputFileListPaths = (
				"${PODS_ROOT}/Target Support Files/Pods-JollyCooks-JollyCooksUITests/Pods-JollyCooks-JollyCooksUITests-frameworks-${CONFIGURATION}-input-files.xcfilelist",
			);
			name = "[CP] Embed Pods Frameworks";
			outputFileListPaths = (
				"${PODS_ROOT}/Target Support Files/Pods-JollyCooks-JollyCooksUITests/Pods-JollyCooks-JollyCooksUITests-frameworks-${CONFIGURATION}-output-files.xcfilelist",
			);
			runOnlyForDeploymentPostprocessing = 0;
			shellPath = /bin/sh;
			shellScript = "\"${PODS_ROOT}/Target Support Files/Pods-JollyCooks-JollyCooksUITests/Pods-JollyCooks-JollyCooksUITests-frameworks.sh\"\n";
			showEnvVarsInLog = 0;
		};
		ECF0DC7DBCF6F913105FFA8B /* [CP] Check Pods Manifest.lock */ = {
			isa = PBXShellScriptBuildPhase;
			buildActionMask = 2147483647;
			files = (
			);
			inputFileListPaths = (
			);
			inputPaths = (
				"${PODS_PODFILE_DIR_PATH}/Podfile.lock",
				"${PODS_ROOT}/Manifest.lock",
			);
			name = "[CP] Check Pods Manifest.lock";
			outputFileListPaths = (
			);
			outputPaths = (
				"$(DERIVED_FILE_DIR)/Pods-JollyCooks-checkManifestLockResult.txt",
			);
			runOnlyForDeploymentPostprocessing = 0;
			shellPath = /bin/sh;
			shellScript = "diff \"${PODS_PODFILE_DIR_PATH}/Podfile.lock\" \"${PODS_ROOT}/Manifest.lock\" > /dev/null\nif [ $? != 0 ] ; then\n    # print error to STDERR\n    echo \"error: The sandbox is not in sync with the Podfile.lock. Run 'pod install' or update your CocoaPods installation.\" >&2\n    exit 1\nfi\n# This output is used by Xcode 'outputs' to avoid re-running this script phase.\necho \"SUCCESS\" > \"${SCRIPT_OUTPUT_FILE_0}\"\n";
			showEnvVarsInLog = 0;
		};
/* End PBXShellScriptBuildPhase section */

/* Begin PBXSourcesBuildPhase section */
		4A417F8727E01A6500038ED8 /* Sources */ = {
			isa = PBXSourcesBuildPhase;
			buildActionMask = 2147483647;
			files = (
				4A510CC227E0ACDD00D72846 /* ProfileFood.swift in Sources */,
				4A9C419627E2098700517873 /* Lunchpage.swift in Sources */,
				4A9C418027E1E32D00517873 /* Other Random Accounts.swift in Sources */,
				4AE9966927E18FBA007BCE14 /* AddNotes.swift in Sources */,
				4A9C418827E1FAF200517873 /* Noodle.swift in Sources */,
				4A1E46EE27E13E5B00CD2187 /* SettingsPage.swift in Sources */,
				4AE9965F27E15916007BCE14 /* DessertView.swift in Sources */,
				4A510CBC27E07F8A00D72846 /* ProfileView.swift in Sources */,
				4A417F9127E01A6500038ED8 /* ContentView.swift in Sources */,
				4AE9966227E189A6007BCE14 /* AddMintBox.swift in Sources */,
				4AE9966B27E1913F007BCE14 /* AddYellowBox.swift in Sources */,
				4A510CB427E07F0D00D72846 /* HomeView.swift in Sources */,
				4A9C418E27E1FCFB00517873 /* Mark2.swift in Sources */,
				4AE9966627E18D75007BCE14 /* AddRedBox.swift in Sources */,
				4A417F8F27E01A6500038ED8 /* JollyCooksApp.swift in Sources */,
				4A510CC627E0B36700D72846 /* ProfileBoxWords.swift in Sources */,
				4A9C419027E1FD3700517873 /* Mark3.swift in Sources */,
				4AADF9F227E1B7B3000C7ACB /* Dinner.swift in Sources */,
				4A9C418C27E1FC4D00517873 /* Mark1.swift in Sources */,
				4A510CB627E07F3800D72846 /* ManualAddView.swift in Sources */,
				4A9C419227E2054F00517873 /* Onions.swift in Sources */,
				4A9C419827E20EA500517873 /* Bun.swift in Sources */,
				4AADF9F427E1C141000C7ACB /* Salads.swift in Sources */,
				4A510CBE27E0925F00D72846 /* CircleImage.swift in Sources */,
				4AFB678627E0210D00039787 /* Main.swift in Sources */,
				4AE9966427E189EC007BCE14 /* AddPage.swift in Sources */,
				4A510CBA27E07F7200D72846 /* FavouriteView.swift in Sources */,
				4A9C418627E1FA6800517873 /* Pizza.swift in Sources */,
				4A510CB827E07F4C00D72846 /* PlannerView.swift in Sources */,
				4A9C418A27E1FB9900517873 /* FriedRice.swift in Sources */,
				4A510CC027E0992E00D72846 /* ProfileBox.swift in Sources */,
				4A9C419427E207C900517873 /* Foood2.swift in Sources */,
				4A1E46F127E140D000CD2187 /* SettingsListView.swift in Sources */,
			);
			runOnlyForDeploymentPostprocessing = 0;
		};
		4A417F9827E01A6600038ED8 /* Sources */ = {
			isa = PBXSourcesBuildPhase;
			buildActionMask = 2147483647;
			files = (
				4A417FA127E01A6600038ED8 /* JollyCooksTests.swift in Sources */,
			);
			runOnlyForDeploymentPostprocessing = 0;
		};
		4A417FA327E01A6600038ED8 /* Sources */ = {
			isa = PBXSourcesBuildPhase;
			buildActionMask = 2147483647;
			files = (
				4A417FAC27E01A6600038ED8 /* JollyCooksUITests.swift in Sources */,
			);
			runOnlyForDeploymentPostprocessing = 0;
		};
/* End PBXSourcesBuildPhase section */

/* Begin PBXTargetDependency section */
		4A417F9E27E01A6600038ED8 /* PBXTargetDependency */ = {
			isa = PBXTargetDependency;
			target = 4A417F8A27E01A6500038ED8 /* JollyCooks */;
			targetProxy = 4A417F9D27E01A6600038ED8 /* PBXContainerItemProxy */;
		};
		4A417FA927E01A6600038ED8 /* PBXTargetDependency */ = {
			isa = PBXTargetDependency;
			target = 4A417F8A27E01A6500038ED8 /* JollyCooks */;
			targetProxy = 4A417FA827E01A6600038ED8 /* PBXContainerItemProxy */;
		};
/* End PBXTargetDependency section */

/* Begin XCBuildConfiguration section */
		4A417FAE27E01A6600038ED8 /* Debug */ = {
			isa = XCBuildConfiguration;
			buildSettings = {
				ALWAYS_SEARCH_USER_PATHS = NO;
				CLANG_ANALYZER_NONNULL = YES;
				CLANG_ANALYZER_NUMBER_OBJECT_CONVERSION = YES_AGGRESSIVE;
				CLANG_CXX_LANGUAGE_STANDARD = "gnu++14";
				CLANG_CXX_LIBRARY = "libc++";
				CLANG_ENABLE_MODULES = YES;
				CLANG_ENABLE_OBJC_ARC = YES;
				CLANG_ENABLE_OBJC_WEAK = YES;
				CLANG_WARN_BLOCK_CAPTURE_AUTORELEASING = YES;
				CLANG_WARN_BOOL_CONVERSION = YES;
				CLANG_WARN_COMMA = YES;
				CLANG_WARN_CONSTANT_CONVERSION = YES;
				CLANG_WARN_DEPRECATED_OBJC_IMPLEMENTATIONS = YES;
				CLANG_WARN_DIRECT_OBJC_ISA_USAGE = YES_ERROR;
				CLANG_WARN_DOCUMENTATION_COMMENTS = YES;
				CLANG_WARN_EMPTY_BODY = YES;
				CLANG_WARN_ENUM_CONVERSION = YES;
				CLANG_WARN_INFINITE_RECURSION = YES;
				CLANG_WARN_INT_CONVERSION = YES;
				CLANG_WARN_NON_LITERAL_NULL_CONVERSION = YES;
				CLANG_WARN_OBJC_IMPLICIT_RETAIN_SELF = YES;
				CLANG_WARN_OBJC_LITERAL_CONVERSION = YES;
				CLANG_WARN_OBJC_ROOT_CLASS = YES_ERROR;
				CLANG_WARN_QUOTED_INCLUDE_IN_FRAMEWORK_HEADER = YES;
				CLANG_WARN_RANGE_LOOP_ANALYSIS = YES;
				CLANG_WARN_STRICT_PROTOTYPES = YES;
				CLANG_WARN_SUSPICIOUS_MOVE = YES;
				CLANG_WARN_UNGUARDED_AVAILABILITY = YES_AGGRESSIVE;
				CLANG_WARN_UNREACHABLE_CODE = YES;
				CLANG_WARN__DUPLICATE_METHOD_MATCH = YES;
				COPY_PHASE_STRIP = NO;
				DEBUG_INFORMATION_FORMAT = dwarf;
				ENABLE_STRICT_OBJC_MSGSEND = YES;
				ENABLE_TESTABILITY = YES;
				GCC_C_LANGUAGE_STANDARD = gnu11;
				GCC_DYNAMIC_NO_PIC = NO;
				GCC_NO_COMMON_BLOCKS = YES;
				GCC_OPTIMIZATION_LEVEL = 0;
				GCC_PREPROCESSOR_DEFINITIONS = (
					"DEBUG=1",
					"$(inherited)",
				);
				GCC_WARN_64_TO_32_BIT_CONVERSION = YES;
				GCC_WARN_ABOUT_RETURN_TYPE = YES_ERROR;
				GCC_WARN_UNDECLARED_SELECTOR = YES;
				GCC_WARN_UNINITIALIZED_AUTOS = YES_AGGRESSIVE;
				GCC_WARN_UNUSED_FUNCTION = YES;
				GCC_WARN_UNUSED_VARIABLE = YES;
				IPHONEOS_DEPLOYMENT_TARGET = 14.5;
				MTL_ENABLE_DEBUG_INFO = INCLUDE_SOURCE;
				MTL_FAST_MATH = YES;
				ONLY_ACTIVE_ARCH = YES;
				SDKROOT = iphoneos;
				SWIFT_ACTIVE_COMPILATION_CONDITIONS = DEBUG;
				SWIFT_OPTIMIZATION_LEVEL = "-Onone";
			};
			name = Debug;
		};
		4A417FAF27E01A6600038ED8 /* Release */ = {
			isa = XCBuildConfiguration;
			buildSettings = {
				ALWAYS_SEARCH_USER_PATHS = NO;
				CLANG_ANALYZER_NONNULL = YES;
				CLANG_ANALYZER_NUMBER_OBJECT_CONVERSION = YES_AGGRESSIVE;
				CLANG_CXX_LANGUAGE_STANDARD = "gnu++14";
				CLANG_CXX_LIBRARY = "libc++";
				CLANG_ENABLE_MODULES = YES;
				CLANG_ENABLE_OBJC_ARC = YES;
				CLANG_ENABLE_OBJC_WEAK = YES;
				CLANG_WARN_BLOCK_CAPTURE_AUTORELEASING = YES;
				CLANG_WARN_BOOL_CONVERSION = YES;
				CLANG_WARN_COMMA = YES;
				CLANG_WARN_CONSTANT_CONVERSION = YES;
				CLANG_WARN_DEPRECATED_OBJC_IMPLEMENTATIONS = YES;
				CLANG_WARN_DIRECT_OBJC_ISA_USAGE = YES_ERROR;
				CLANG_WARN_DOCUMENTATION_COMMENTS = YES;
				CLANG_WARN_EMPTY_BODY = YES;
				CLANG_WARN_ENUM_CONVERSION = YES;
				CLANG_WARN_INFINITE_RECURSION = YES;
				CLANG_WARN_INT_CONVERSION = YES;
				CLANG_WARN_NON_LITERAL_NULL_CONVERSION = YES;
				CLANG_WARN_OBJC_IMPLICIT_RETAIN_SELF = YES;
				CLANG_WARN_OBJC_LITERAL_CONVERSION = YES;
				CLANG_WARN_OBJC_ROOT_CLASS = YES_ERROR;
				CLANG_WARN_QUOTED_INCLUDE_IN_FRAMEWORK_HEADER = YES;
				CLANG_WARN_RANGE_LOOP_ANALYSIS = YES;
				CLANG_WARN_STRICT_PROTOTYPES = YES;
				CLANG_WARN_SUSPICIOUS_MOVE = YES;
				CLANG_WARN_UNGUARDED_AVAILABILITY = YES_AGGRESSIVE;
				CLANG_WARN_UNREACHABLE_CODE = YES;
				CLANG_WARN__DUPLICATE_METHOD_MATCH = YES;
				COPY_PHASE_STRIP = NO;
				DEBUG_INFORMATION_FORMAT = "dwarf-with-dsym";
				ENABLE_NS_ASSERTIONS = NO;
				ENABLE_STRICT_OBJC_MSGSEND = YES;
				GCC_C_LANGUAGE_STANDARD = gnu11;
				GCC_NO_COMMON_BLOCKS = YES;
				GCC_WARN_64_TO_32_BIT_CONVERSION = YES;
				GCC_WARN_ABOUT_RETURN_TYPE = YES_ERROR;
				GCC_WARN_UNDECLARED_SELECTOR = YES;
				GCC_WARN_UNINITIALIZED_AUTOS = YES_AGGRESSIVE;
				GCC_WARN_UNUSED_FUNCTION = YES;
				GCC_WARN_UNUSED_VARIABLE = YES;
				IPHONEOS_DEPLOYMENT_TARGET = 14.5;
				MTL_ENABLE_DEBUG_INFO = NO;
				MTL_FAST_MATH = YES;
				SDKROOT = iphoneos;
				SWIFT_COMPILATION_MODE = wholemodule;
				SWIFT_OPTIMIZATION_LEVEL = "-O";
				VALIDATE_PRODUCT = YES;
			};
			name = Release;
		};
		4A417FB127E01A6600038ED8 /* Debug */ = {
			isa = XCBuildConfiguration;
			baseConfigurationReference = 569666F24FFBF12EB2541585 /* Pods-JollyCooks.debug.xcconfig */;
			buildSettings = {
				ASSETCATALOG_COMPILER_APPICON_NAME = AppIcon;
				ASSETCATALOG_COMPILER_GLOBAL_ACCENT_COLOR_NAME = AccentColor;
				CODE_SIGN_STYLE = Automatic;
				DEVELOPMENT_ASSET_PATHS = "\"JollyCooks/Preview Content\"";
				DEVELOPMENT_TEAM = FRKVY4JJ8R;
				ENABLE_PREVIEWS = YES;
				INFOPLIST_FILE = JollyCooks/Info.plist;
				IPHONEOS_DEPLOYMENT_TARGET = 14.0;
				LD_RUNPATH_SEARCH_PATHS = (
					"$(inherited)",
					"@executable_path/Frameworks",
				);
				PRODUCT_BUNDLE_IDENTIFIER = com.phillipshen.JollyCooks;
				PRODUCT_NAME = "$(TARGET_NAME)";
				SWIFT_VERSION = 5.0;
				TARGETED_DEVICE_FAMILY = "1,2";
			};
			name = Debug;
		};
		4A417FB227E01A6600038ED8 /* Release */ = {
			isa = XCBuildConfiguration;
			baseConfigurationReference = E2C6931689903ECA8FC76F84 /* Pods-JollyCooks.release.xcconfig */;
			buildSettings = {
				ASSETCATALOG_COMPILER_APPICON_NAME = AppIcon;
				ASSETCATALOG_COMPILER_GLOBAL_ACCENT_COLOR_NAME = AccentColor;
				CODE_SIGN_STYLE = Automatic;
				DEVELOPMENT_ASSET_PATHS = "\"JollyCooks/Preview Content\"";
				DEVELOPMENT_TEAM = FRKVY4JJ8R;
				ENABLE_PREVIEWS = YES;
				INFOPLIST_FILE = JollyCooks/Info.plist;
				IPHONEOS_DEPLOYMENT_TARGET = 14.0;
				LD_RUNPATH_SEARCH_PATHS = (
					"$(inherited)",
					"@executable_path/Frameworks",
				);
				PRODUCT_BUNDLE_IDENTIFIER = com.phillipshen.JollyCooks;
				PRODUCT_NAME = "$(TARGET_NAME)";
				SWIFT_VERSION = 5.0;
				TARGETED_DEVICE_FAMILY = "1,2";
			};
			name = Release;
		};
		4A417FB427E01A6600038ED8 /* Debug */ = {
			isa = XCBuildConfiguration;
			baseConfigurationReference = B1593DDD0588895E6F353770 /* Pods-JollyCooksTests.debug.xcconfig */;
			buildSettings = {
				ALWAYS_EMBED_SWIFT_STANDARD_LIBRARIES = YES;
				BUNDLE_LOADER = "$(TEST_HOST)";
				CODE_SIGN_STYLE = Automatic;
				DEVELOPMENT_TEAM = FRKVY4JJ8R;
				INFOPLIST_FILE = JollyCooksTests/Info.plist;
				IPHONEOS_DEPLOYMENT_TARGET = 14.0;
				LD_RUNPATH_SEARCH_PATHS = (
					"$(inherited)",
					"@executable_path/Frameworks",
					"@loader_path/Frameworks",
				);
				PRODUCT_BUNDLE_IDENTIFIER = com.phillipshen.JollyCooksTests;
				PRODUCT_NAME = "$(TARGET_NAME)";
				SWIFT_VERSION = 5.0;
				TARGETED_DEVICE_FAMILY = "1,2";
				TEST_HOST = "$(BUILT_PRODUCTS_DIR)/JollyCooks.app/JollyCooks";
			};
			name = Debug;
		};
		4A417FB527E01A6600038ED8 /* Release */ = {
			isa = XCBuildConfiguration;
			baseConfigurationReference = 2E37453CD385A21CC9EF158C /* Pods-JollyCooksTests.release.xcconfig */;
			buildSettings = {
				ALWAYS_EMBED_SWIFT_STANDARD_LIBRARIES = YES;
				BUNDLE_LOADER = "$(TEST_HOST)";
				CODE_SIGN_STYLE = Automatic;
				DEVELOPMENT_TEAM = FRKVY4JJ8R;
				INFOPLIST_FILE = JollyCooksTests/Info.plist;
				IPHONEOS_DEPLOYMENT_TARGET = 14.0;
				LD_RUNPATH_SEARCH_PATHS = (
					"$(inherited)",
					"@executable_path/Frameworks",
					"@loader_path/Frameworks",
				);
				PRODUCT_BUNDLE_IDENTIFIER = com.phillipshen.JollyCooksTests;
				PRODUCT_NAME = "$(TARGET_NAME)";
				SWIFT_VERSION = 5.0;
				TARGETED_DEVICE_FAMILY = "1,2";
				TEST_HOST = "$(BUILT_PRODUCTS_DIR)/JollyCooks.app/JollyCooks";
			};
			name = Release;
		};
		4A417FB727E01A6600038ED8 /* Debug */ = {
			isa = XCBuildConfiguration;
			baseConfigurationReference = 4D4FAFFB9A0E39D3B519C569 /* Pods-JollyCooks-JollyCooksUITests.debug.xcconfig */;
			buildSettings = {
				ALWAYS_EMBED_SWIFT_STANDARD_LIBRARIES = YES;
				CODE_SIGN_STYLE = Automatic;
				DEVELOPMENT_TEAM = FRKVY4JJ8R;
				INFOPLIST_FILE = JollyCooksUITests/Info.plist;
				LD_RUNPATH_SEARCH_PATHS = (
					"$(inherited)",
					"@executable_path/Frameworks",
					"@loader_path/Frameworks",
				);
				PRODUCT_BUNDLE_IDENTIFIER = com.phillipshen.JollyCooksUITests;
				PRODUCT_NAME = "$(TARGET_NAME)";
				SWIFT_VERSION = 5.0;
				TARGETED_DEVICE_FAMILY = "1,2";
				TEST_TARGET_NAME = JollyCooks;
			};
			name = Debug;
		};
		4A417FB827E01A6600038ED8 /* Release */ = {
			isa = XCBuildConfiguration;
			baseConfigurationReference = DC50DB3EC8E4192932D46628 /* Pods-JollyCooks-JollyCooksUITests.release.xcconfig */;
			buildSettings = {
				ALWAYS_EMBED_SWIFT_STANDARD_LIBRARIES = YES;
				CODE_SIGN_STYLE = Automatic;
				DEVELOPMENT_TEAM = FRKVY4JJ8R;
				INFOPLIST_FILE = JollyCooksUITests/Info.plist;
				LD_RUNPATH_SEARCH_PATHS = (
					"$(inherited)",
					"@executable_path/Frameworks",
					"@loader_path/Frameworks",
				);
				PRODUCT_BUNDLE_IDENTIFIER = com.phillipshen.JollyCooksUITests;
				PRODUCT_NAME = "$(TARGET_NAME)";
				SWIFT_VERSION = 5.0;
				TARGETED_DEVICE_FAMILY = "1,2";
				TEST_TARGET_NAME = JollyCooks;
			};
			name = Release;
		};
/* End XCBuildConfiguration section */

/* Begin XCConfigurationList section */
		4A417F8627E01A6500038ED8 /* Build configuration list for PBXProject "JollyCooks" */ = {
			isa = XCConfigurationList;
			buildConfigurations = (
				4A417FAE27E01A6600038ED8 /* Debug */,
				4A417FAF27E01A6600038ED8 /* Release */,
			);
			defaultConfigurationIsVisible = 0;
			defaultConfigurationName = Release;
		};
		4A417FB027E01A6600038ED8 /* Build configuration list for PBXNativeTarget "JollyCooks" */ = {
			isa = XCConfigurationList;
			buildConfigurations = (
				4A417FB127E01A6600038ED8 /* Debug */,
				4A417FB227E01A6600038ED8 /* Release */,
			);
			defaultConfigurationIsVisible = 0;
			defaultConfigurationName = Release;
		};
		4A417FB327E01A6600038ED8 /* Build configuration list for PBXNativeTarget "JollyCooksTests" */ = {
			isa = XCConfigurationList;
			buildConfigurations = (
				4A417FB427E01A6600038ED8 /* Debug */,
				4A417FB527E01A6600038ED8 /* Release */,
			);
			defaultConfigurationIsVisible = 0;
			defaultConfigurationName = Release;
		};
		4A417FB627E01A6600038ED8 /* Build configuration list for PBXNativeTarget "JollyCooksUITests" */ = {
			isa = XCConfigurationList;
			buildConfigurations = (
				4A417FB727E01A6600038ED8 /* Debug */,
				4A417FB827E01A6600038ED8 /* Release */,
			);
			defaultConfigurationIsVisible = 0;
			defaultConfigurationName = Release;
		};
/* End XCConfigurationList section */
	};
	rootObject = 4A417F8327E01A6500038ED8 /* Project object */;
}
